
Microsoft Visual Studio Solution File, Format Version 12.00
# Visual Studio Version 17
VisualStudioVersion = 17.1.32203.90
MinimumVisualStudioVersion = 10.0.40219.1
Project("{FAE04EC0-301F-11D3-BF4B-00C04F79EFBC}") = "ElsaQuickstarts.Server.DashboardAndServer", "ElsaQuickstarts.Server.DashboardAndServer\ElsaQuickstarts.Server.DashboardAndServer.csproj", "{11D04FAB-E27A-4310-BA61-52B984829632}"
EndProject
Global
	GlobalSection(SolutionConfigurationPlatforms) = preSolution
		Debug|Any CPU = Debug|Any CPU
		Release|Any CPU = Release|Any CPU
	EndGlobalSection
	GlobalSection(ProjectConfigurationPlatforms) = postSolution
		{11D04FAB-E27A-4310-BA61-52B984829632}.Debug|Any CPU.ActiveCfg = Debug|Any CPU
		{11D04FAB-E27A-4310-BA61-52B984829632}.Debug|Any CPU.Build.0 = Debug|Any CPU
		{11D04FAB-E27A-4310-BA61-52B984829632}.Release|Any CPU.ActiveCfg = Release|Any CPU
		{11D04FAB-E27A-4310-BA61-52B984829632}.Release|Any CPU.Build.0 = Release|Any CPU
	EndGlobalSection
	GlobalSection(SolutionProperties) = preSolution
		HideSolutionNode = FALSE
	EndGlobalSection
	GlobalSection(ExtensibilityGlobals) = postSolution
		SolutionGuid = {51CCF430-90A1-493F-B887-2F6C877C1A22}
	EndGlobalSection
EndGlobal
