
Microsoft Visual Studio Solution File, Format Version 12.00
# Visual Studio Version 17
VisualStudioVersion = 17.2.32210.308
MinimumVisualStudioVersion = 10.0.40219.1
Project("{FAE04EC0-301F-11D3-BF4B-00C04F79EFBC}") = "WebTs", "WebTs\WebTs.csproj", "{B4E65A7C-2A4D-4A8D-A038-CFC33A7D27AB}"
EndProject
Global
	GlobalSection(SolutionConfigurationPlatforms) = preSolution
		Debug|Any CPU = Debug|Any CPU
		Release|Any CPU = Release|Any CPU
	EndGlobalSection
	GlobalSection(ProjectConfigurationPlatforms) = postSolution
		{B4E65A7C-2A4D-4A8D-A038-CFC33A7D27AB}.Debug|Any CPU.ActiveCfg = Debug|Any CPU
		{B4E65A7C-2A4D-4A8D-A038-CFC33A7D27AB}.Debug|Any CPU.Build.0 = Debug|Any CPU
		{B4E65A7C-2A4D-4A8D-A038-CFC33A7D27AB}.Release|Any CPU.ActiveCfg = Release|Any CPU
		{B4E65A7C-2A4D-4A8D-A038-CFC33A7D27AB}.Release|Any CPU.Build.0 = Release|Any CPU
	EndGlobalSection
	GlobalSection(SolutionProperties) = preSolution
		HideSolutionNode = FALSE
	EndGlobalSection
	GlobalSection(ExtensibilityGlobals) = postSolution
		SolutionGuid = {9AC46446-B8E4-46E5-9252-4C8EE3142638}
	EndGlobalSection
EndGlobal
